
Microsoft Visual Studio Solution File, Format Version 12.00
# Visual Studio 14
VisualStudioVersion = 14.0.23107.0
MinimumVisualStudioVersion = 10.0.40219.1
Project("{FAE04EC0-301F-11D3-BF4B-00C04F79EFBC}") = "AmcacheParser", "AmcacheParser\AmcacheParser.csproj", "{B58BC75E-0741-4780-95E3-29A6C263C587}"
EndProject
Project("{FAE04EC0-301F-11D3-BF4B-00C04F79EFBC}") = "Amcache", "Amcache\Amcache.csproj", "{40985D54-63E8-4B25-86CC-292CCCFEA478}"
EndProject
Global
	GlobalSection(SolutionConfigurationPlatforms) = preSolution
		Debug|Any CPU = Debug|Any CPU
		Release|Any CPU = Release|Any CPU
	EndGlobalSection
	GlobalSection(ProjectConfigurationPlatforms) = postSolution
		{B58BC75E-0741-4780-95E3-29A6C263C587}.Debug|Any CPU.ActiveCfg = Debug|Any CPU
		{B58BC75E-0741-4780-95E3-29A6C263C587}.Debug|Any CPU.Build.0 = Debug|Any CPU
		{B58BC75E-0741-4780-95E3-29A6C263C587}.Release|Any CPU.ActiveCfg = Release|Any CPU
		{B58BC75E-0741-4780-95E3-29A6C263C587}.Release|Any CPU.Build.0 = Release|Any CPU
		{40985D54-63E8-4B25-86CC-292CCCFEA478}.Debug|Any CPU.ActiveCfg = Debug|Any CPU
		{40985D54-63E8-4B25-86CC-292CCCFEA478}.Debug|Any CPU.Build.0 = Debug|Any CPU
		{40985D54-63E8-4B25-86CC-292CCCFEA478}.Release|Any CPU.ActiveCfg = Release|Any CPU
		{40985D54-63E8-4B25-86CC-292CCCFEA478}.Release|Any CPU.Build.0 = Release|Any CPU
	EndGlobalSection
	GlobalSection(SolutionProperties) = preSolution
		HideSolutionNode = FALSE
	EndGlobalSection
EndGlobal
